
Microsoft Visual Studio Solution File, Format Version 12.00
# Visual Studio Version 17
VisualStudioVersion = 17.10.35201.131
MinimumVisualStudioVersion = 10.0.40219.1
Project("{2150E333-8FDC-42A3-9474-1A3956D46DE8}") = "Monolith", "Monolith", "{673FFA63-77B6-40E4-A217-394B922A8B51}"
EndProject
Project("{9A19103F-16F7-4668-BE54-9A1E7A4F7556}") = "SupplyChainManagement", "Monolith\SupplyChainManagement\SupplyChainManagement.csproj", "{31DE6F46-AF4B-4BD4-A9DB-7C0F693CA749}"
EndProject
Project("{2150E333-8FDC-42A3-9474-1A3956D46DE8}") = "Microservice", "Microservice", "{6142822C-7B48-4AA9-97F3-84CD0864091A}"
EndProject
Project("{FAE04EC0-301F-11D3-BF4B-00C04F79EFBC}") = "SCM.Inventory.Tests", "Monolith\SCM.Inventory.Tests\SCM.Inventory.Tests.csproj", "{DA05F7E4-26CC-4F28-A6E3-535B38798B4A}"
EndProject
Project("{2150E333-8FDC-42A3-9474-1A3956D46DE8}") = "tests", "tests", "{02EA681E-C7D8-13C7-8484-4AC65E1B71E8}"
EndProject
Project("{2150E333-8FDC-42A3-9474-1A3956D46DE8}") = "Gateways", "Gateways", "{94174AC5-9EC6-4382-9E8F-F8A90A2C7F7E}"
EndProject
Project("{FAE04EC0-301F-11D3-BF4B-00C04F79EFBC}") = "Ocelot", "Microservices\Ocelot\Ocelot.csproj", "{B5E44F81-DD3D-4808-A8DF-75C78D5A4502}"
EndProject
Project("{FAE04EC0-301F-11D3-BF4B-00C04F79EFBC}") = "YARP", "Microservices\YARP\YARP.csproj", "{9D510543-DBA9-4FC7-8BF0-E44B9C32892D}"
EndProject
Project("{2150E333-8FDC-42A3-9474-1A3956D46DE8}") = "Services", "Services", "{85AAD4A1-868B-4DED-B878-FD7701B90646}"
EndProject
Project("{2150E333-8FDC-42A3-9474-1A3956D46DE8}") = "Monitoring", "Monitoring", "{4E237D90-9ACE-493B-94BD-D0F326923C83}"
EndProject
Project("{2150E333-8FDC-42A3-9474-1A3956D46DE8}") = "Setup", "Setup", "{5A0BFD16-21E5-4566-BC82-7BACA087ACB3}"
EndProject
Project("{2150E333-8FDC-42A3-9474-1A3956D46DE8}") = "Core", "Core", "{3A1F97B8-228E-4DD0-B155-F910C6D3CE93}"
EndProject
Project("{2150E333-8FDC-42A3-9474-1A3956D46DE8}") = "Tests", "Tests", "{518B641C-E280-4BA3-9F51-0A12B046B3CA}"
EndProject
Project("{2150E333-8FDC-42A3-9474-1A3956D46DE8}") = "src", "src", "{ECBEE124-2706-4B0C-849D-9EDB1369551C}"
EndProject
Project("{FAE04EC0-301F-11D3-BF4B-00C04F79EFBC}") = "Common", "..\Microservices with Best Practices\Shared\Common.csproj", "{6C59AA98-7E7E-9AAE-0505-CE56556B227E}"
EndProject
Project("{FAE04EC0-301F-11D3-BF4B-00C04F79EFBC}") = "InventoryService", "..\Microservices with Best Practices\InventoryService\InventoryService.csproj", "{339D7FB5-46C7-8B44-53B0-AA2B56D9FBEA}"
EndProject
Project("{FAE04EC0-301F-11D3-BF4B-00C04F79EFBC}") = "OrderService", "..\Microservices with Best Practices\OrderService\OrderService.csproj", "{E7319E03-7137-5DDF-5113-552188095E16}"
EndProject
Project("{FAE04EC0-301F-11D3-BF4B-00C04F79EFBC}") = "PaymentService", "..\Microservices with Best Practices\PaymentService\PaymentService.csproj", "{4F6AA929-AB9C-3BCB-67A6-143267CFE07F}"
EndProject
Project("{FAE04EC0-301F-11D3-BF4B-00C04F79EFBC}") = "ShippingService", "..\Microservices with Best Practices\ShippingService\ShippingService.csproj", "{AF618C55-3439-5968-4954-75C4978C1805}"
EndProject
Project("{2150E333-8FDC-42A3-9474-1A3956D46DE8}") = ".Infra", ".Infra", "{6689B419-3292-4671-A942-FB3038812CF0}"
	ProjectSection(SolutionItems) = preProject
		Microservices\.dockerignore = Microservices\.dockerignore
		Microservices\docker-compose.yml = Microservices\docker-compose.yml
	EndProjectSection
EndProject
Global
	GlobalSection(SolutionConfigurationPlatforms) = preSolution
		Debug|Any CPU = Debug|Any CPU
		Release|Any CPU = Release|Any CPU
	EndGlobalSection
	GlobalSection(ProjectConfigurationPlatforms) = postSolution
		{31DE6F46-AF4B-4BD4-A9DB-7C0F693CA749}.Debug|Any CPU.ActiveCfg = Debug|Any CPU
		{31DE6F46-AF4B-4BD4-A9DB-7C0F693CA749}.Debug|Any CPU.Build.0 = Debug|Any CPU
		{31DE6F46-AF4B-4BD4-A9DB-7C0F693CA749}.Release|Any CPU.ActiveCfg = Release|Any CPU
		{31DE6F46-AF4B-4BD4-A9DB-7C0F693CA749}.Release|Any CPU.Build.0 = Release|Any CPU
		{DA05F7E4-26CC-4F28-A6E3-535B38798B4A}.Debug|Any CPU.ActiveCfg = Debug|Any CPU
		{DA05F7E4-26CC-4F28-A6E3-535B38798B4A}.Debug|Any CPU.Build.0 = Debug|Any CPU
		{DA05F7E4-26CC-4F28-A6E3-535B38798B4A}.Release|Any CPU.ActiveCfg = Release|Any CPU
		{DA05F7E4-26CC-4F28-A6E3-535B38798B4A}.Release|Any CPU.Build.0 = Release|Any CPU
		{B5E44F81-DD3D-4808-A8DF-75C78D5A4502}.Debug|Any CPU.ActiveCfg = Debug|Any CPU
		{B5E44F81-DD3D-4808-A8DF-75C78D5A4502}.Debug|Any CPU.Build.0 = Debug|Any CPU
		{B5E44F81-DD3D-4808-A8DF-75C78D5A4502}.Release|Any CPU.ActiveCfg = Release|Any CPU
		{B5E44F81-DD3D-4808-A8DF-75C78D5A4502}.Release|Any CPU.Build.0 = Release|Any CPU
		{9D510543-DBA9-4FC7-8BF0-E44B9C32892D}.Debug|Any CPU.ActiveCfg = Debug|Any CPU
		{9D510543-DBA9-4FC7-8BF0-E44B9C32892D}.Debug|Any CPU.Build.0 = Debug|Any CPU
		{9D510543-DBA9-4FC7-8BF0-E44B9C32892D}.Release|Any CPU.ActiveCfg = Release|Any CPU
		{9D510543-DBA9-4FC7-8BF0-E44B9C32892D}.Release|Any CPU.Build.0 = Release|Any CPU
		{6C59AA98-7E7E-9AAE-0505-CE56556B227E}.Debug|Any CPU.ActiveCfg = Debug|Any CPU
		{6C59AA98-7E7E-9AAE-0505-CE56556B227E}.Debug|Any CPU.Build.0 = Debug|Any CPU
		{6C59AA98-7E7E-9AAE-0505-CE56556B227E}.Release|Any CPU.ActiveCfg = Release|Any CPU
		{6C59AA98-7E7E-9AAE-0505-CE56556B227E}.Release|Any CPU.Build.0 = Release|Any CPU
		{339D7FB5-46C7-8B44-53B0-AA2B56D9FBEA}.Debug|Any CPU.ActiveCfg = Debug|Any CPU
		{339D7FB5-46C7-8B44-53B0-AA2B56D9FBEA}.Debug|Any CPU.Build.0 = Debug|Any CPU
		{339D7FB5-46C7-8B44-53B0-AA2B56D9FBEA}.Release|Any CPU.ActiveCfg = Release|Any CPU
		{339D7FB5-46C7-8B44-53B0-AA2B56D9FBEA}.Release|Any CPU.Build.0 = Release|Any CPU
		{E7319E03-7137-5DDF-5113-552188095E16}.Debug|Any CPU.ActiveCfg = Debug|Any CPU
		{E7319E03-7137-5DDF-5113-552188095E16}.Debug|Any CPU.Build.0 = Debug|Any CPU
		{E7319E03-7137-5DDF-5113-552188095E16}.Release|Any CPU.ActiveCfg = Release|Any CPU
		{E7319E03-7137-5DDF-5113-552188095E16}.Release|Any CPU.Build.0 = Release|Any CPU
		{4F6AA929-AB9C-3BCB-67A6-143267CFE07F}.Debug|Any CPU.ActiveCfg = Debug|Any CPU
		{4F6AA929-AB9C-3BCB-67A6-143267CFE07F}.Debug|Any CPU.Build.0 = Debug|Any CPU
		{4F6AA929-AB9C-3BCB-67A6-143267CFE07F}.Release|Any CPU.ActiveCfg = Release|Any CPU
		{4F6AA929-AB9C-3BCB-67A6-143267CFE07F}.Release|Any CPU.Build.0 = Release|Any CPU
		{AF618C55-3439-5968-4954-75C4978C1805}.Debug|Any CPU.ActiveCfg = Debug|Any CPU
		{AF618C55-3439-5968-4954-75C4978C1805}.Debug|Any CPU.Build.0 = Debug|Any CPU
		{AF618C55-3439-5968-4954-75C4978C1805}.Release|Any CPU.ActiveCfg = Release|Any CPU
		{AF618C55-3439-5968-4954-75C4978C1805}.Release|Any CPU.Build.0 = Release|Any CPU
	EndGlobalSection
	GlobalSection(SolutionProperties) = preSolution
		HideSolutionNode = FALSE
	EndGlobalSection
	GlobalSection(NestedProjects) = preSolution
		{31DE6F46-AF4B-4BD4-A9DB-7C0F693CA749} = {ECBEE124-2706-4B0C-849D-9EDB1369551C}
		{DA05F7E4-26CC-4F28-A6E3-535B38798B4A} = {02EA681E-C7D8-13C7-8484-4AC65E1B71E8}
		{02EA681E-C7D8-13C7-8484-4AC65E1B71E8} = {673FFA63-77B6-40E4-A217-394B922A8B51}
		{94174AC5-9EC6-4382-9E8F-F8A90A2C7F7E} = {6142822C-7B48-4AA9-97F3-84CD0864091A}
		{B5E44F81-DD3D-4808-A8DF-75C78D5A4502} = {94174AC5-9EC6-4382-9E8F-F8A90A2C7F7E}
		{9D510543-DBA9-4FC7-8BF0-E44B9C32892D} = {94174AC5-9EC6-4382-9E8F-F8A90A2C7F7E}
		{85AAD4A1-868B-4DED-B878-FD7701B90646} = {6142822C-7B48-4AA9-97F3-84CD0864091A}
		{4E237D90-9ACE-493B-94BD-D0F326923C83} = {6142822C-7B48-4AA9-97F3-84CD0864091A}
		{5A0BFD16-21E5-4566-BC82-7BACA087ACB3} = {6142822C-7B48-4AA9-97F3-84CD0864091A}
		{3A1F97B8-228E-4DD0-B155-F910C6D3CE93} = {6142822C-7B48-4AA9-97F3-84CD0864091A}
		{518B641C-E280-4BA3-9F51-0A12B046B3CA} = {6142822C-7B48-4AA9-97F3-84CD0864091A}
		{ECBEE124-2706-4B0C-849D-9EDB1369551C} = {673FFA63-77B6-40E4-A217-394B922A8B51}
		{6C59AA98-7E7E-9AAE-0505-CE56556B227E} = {3A1F97B8-228E-4DD0-B155-F910C6D3CE93}
		{339D7FB5-46C7-8B44-53B0-AA2B56D9FBEA} = {85AAD4A1-868B-4DED-B878-FD7701B90646}
		{E7319E03-7137-5DDF-5113-552188095E16} = {85AAD4A1-868B-4DED-B878-FD7701B90646}
		{4F6AA929-AB9C-3BCB-67A6-143267CFE07F} = {85AAD4A1-868B-4DED-B878-FD7701B90646}
		{AF618C55-3439-5968-4954-75C4978C1805} = {85AAD4A1-868B-4DED-B878-FD7701B90646}
		{6689B419-3292-4671-A942-FB3038812CF0} = {6142822C-7B48-4AA9-97F3-84CD0864091A}
	EndGlobalSection
	GlobalSection(ExtensibilityGlobals) = postSolution
		        SolutionGuid = {42432514-96A3-4B2A-8CAD-656BA646DCC8}
		SolutionGuid = {7C18BF22-31BB-476F-A0EE-D061DF2886BD}
	EndGlobalSection
EndGlobal
